{
  "version": 4,
  "terraform_version": "1.12.2",
  "serial": 30,
  "lineage": "fb5db48c-d252-a5c4-7196-fbd9a89bd72e",
  "outputs": {
    "kubernetes_cluster_location": {
      "value": "us-central1-a",
      "type": "string"
    },
    "kubernetes_cluster_name": {
      "value": "devsu-demo-devops-cluster",
      "type": "string"
    }
  },
  "resources": [
    {
      "mode": "managed",
      "type": "google_container_cluster",
      "name": "primary",
      "provider": "provider[\"registry.terraform.io/hashicorp/google\"]",
      "instances": [
        {
          "schema_version": 2,
          "attributes": {
            "addons_config": [
              {
                "cloudrun_config": [],
                "config_connector_config": [],
                "dns_cache_config": [],
                "gce_persistent_disk_csi_driver_config": [
                  {
                    "enabled": true
                  }
                ],
                "gcp_filestore_csi_driver_config": [],
                "gcs_fuse_csi_driver_config": [],
                "gke_backup_agent_config": [],
                "horizontal_pod_autoscaling": [],
                "http_load_balancing": [],
                "network_policy_config": [
                  {
                    "disabled": true
                  }
                ],
                "ray_operator_config": [],
                "stateful_ha_config": []
              }
            ],
            "allow_net_admin": null,
            "authenticator_groups_config": [],
            "binary_authorization": [
              {
                "enabled": false,
                "evaluation_mode": ""
              }
            ],
            "cluster_autoscaling": [
              {
                "auto_provisioning_defaults": [],
                "auto_provisioning_locations": [],
                "autoscaling_profile": "BALANCED",
                "enabled": false,
                "resource_limits": []
              }
            ],
            "cluster_ipv4_cidr": "10.80.0.0/14",
            "confidential_nodes": [],
            "cost_management_config": [],
            "database_encryption": [
              {
                "key_name": "",
                "state": "DECRYPTED"
              }
            ],
            "datapath_provider": "",
            "default_max_pods_per_node": 110,
            "default_snat_status": [
              {
                "disabled": false
              }
            ],
            "deletion_protection": false,
            "description": "",
            "dns_config": [],
            "enable_autopilot": false,
            "enable_cilium_clusterwide_network_policy": false,
            "enable_intranode_visibility": false,
            "enable_k8s_beta_apis": [],
            "enable_kubernetes_alpha": false,
            "enable_l4_ilb_subsetting": false,
            "enable_legacy_abac": false,
            "enable_multi_networking": false,
            "enable_shielded_nodes": true,
            "enable_tpu": false,
            "endpoint": "34.16.69.50",
            "fleet": [],
            "gateway_api_config": [],
            "id": "projects/devsu-devops-demo/locations/us-central1-a/clusters/devsu-demo-devops-cluster",
            "identity_service_config": [],
            "initial_node_count": 1,
            "ip_allocation_policy": [
              {
                "additional_pod_ranges_config": [],
                "cluster_ipv4_cidr_block": "10.80.0.0/14",
                "cluster_secondary_range_name": "gke-devsu-demo-devops-cluster-pods-e10cd9d3",
                "pod_cidr_overprovision_config": [
                  {
                    "disabled": false
                  }
                ],
                "services_ipv4_cidr_block": "34.118.224.0/20",
                "services_secondary_range_name": "",
                "stack_type": "IPV4"
              }
            ],
            "label_fingerprint": "a9dc16a7",
            "location": "us-central1-a",
            "logging_config": [
              {
                "enable_components": [
                  "SYSTEM_COMPONENTS",
                  "WORKLOADS"
                ]
              }
            ],
            "logging_service": "logging.googleapis.com/kubernetes",
            "maintenance_policy": [],
            "master_auth": [
              {
                "client_certificate": "",
                "client_certificate_config": [
                  {
                    "issue_client_certificate": false
                  }
                ],
                "client_key": "",
                "cluster_ca_certificate": "LS0tLS1CRUdJTiBDRVJUSUZJQ0FURS0tLS0tCk1JSUVMRENDQXBTZ0F3SUJBZ0lRSS9VbG1RUjB6bkcwd2lSbmtUT2xDVEFOQmdrcWhraUc5dzBCQVFzRkFEQXYKTVMwd0t3WURWUVFERXlRMk5EQXhORFU0WlMweU4yWTVMVFJsTVdNdFlXVmxZaTB6WXpVM09ETmpNR1psTWpFdwpJQmNOTWpVd056QTFNVFV3TURRNFdoZ1BNakExTlRBMk1qZ3hOakF3TkRoYU1DOHhMVEFyQmdOVkJBTVRKRFkwCk1ERTBOVGhsTFRJM1pqa3ROR1V4WXkxaFpXVmlMVE5qTlRjNE0yTXdabVV5TVRDQ0FhSXdEUVlKS29aSWh2Y04KQVFFQkJRQURnZ0dQQURDQ0FZb0NnZ0dCQUw2bklyNktMa05TOTRiTExzOE1mekZPb2diZHdZNU0xYmQzdnpULwo2TGpvd1FYVGhJR3k4TDhFTWJlU2VaT3BaeFdobEVURm5CTHd5dHVrZmcrUUlPWmJ5V016TzBkMlNleWZoQndHClhkTWxubHFFS3crMGNWRUVuQjh6a1VsTXFXdHJMRWxraDdlQzh4OXhJL0RrdzY1dUgyaHVGczI0L3hzeGxDa3cKYzFXRVVYK2ZqNHBnRnM1TjlZUDlPK3dtOElhd1ptR3ZqUktEUE1wMjYxWjFRcEY0ZEJqd29hTDRuNjdwTlg0UgplTHJhU0NLbXA3cDdZaEZjcnF5cTBEUnRndVFtVnRHRGNyTEJkaFRoQVp4ZkpockUzOTZmMy8yWFFjUEZIUzV4ClhzWjM0ZHova1FNNFNvbDUwQksweUlWR0lINnpUNFc0NW5lQi9RS1lMaFBCdmwrNWordEZNaW9KRmU5U3Z5aTUKNkNSNWRCNllEWGdDb0NOTE9ReTJTTzRWQ2pmQmF5dFNjUGRtMjE5MzMvUmw0bm5xdXNoOFpzbkthSzVQbFRuTApQUFh3cDM2akpISGZCa216cXg0dnduaGVpNVB0VVVXTm1tcE51eW44VFJ0NjJUN3h4VDJGeWpVTHpoUThnbktiCkdmR1ZYZXIzRnhRdGlGSU1pRUpLNEZHVjl3SURBUUFCbzBJd1FEQU9CZ05WSFE4QkFmOEVCQU1DQWdRd0R3WUQKVlIwVEFRSC9CQVV3QXdFQi96QWRCZ05WSFE0RUZnUVU2Wll6YkROZ0p1c1kxNTZPL0tJbFU2ekVLdE13RFFZSgpLb1pJaHZjTkFRRUxCUUFEZ2dHQkFMTDM3blZhVVU1Z3VJdERkS3hyY1drZkRqU2x6ZWdjYm5YeDF1cTc2aWlrCmUxaHpPbE9zTC9ra3N0aCtHdEtIb05qSndFU3dSeXlhdHprWGc4WDExa04xZlMwMEkyMlY0d2ViNWJKVk14dlcKQXA0WTlQeks0NmRod1JDdDN2VEZzc3VleW12elNZQmpDb0hJRWFEeXU5Q0h6a0MzRW1QY0N3bFFyekI0ekh2NQp2SDdLZldYMzlwWVIvbEg1MWxzYXJqWkIyZ2ZuZTBXMytwYlRIbjhLQVN2QjJleWF6dmthSkRXOVpnbjhSa0V4ClV1T1BJQm8zUVlGL2NVazQ4dlM1T2syaVpDd1lMNERURUgvVkVKRGdBSnNzNVVYMDRNMWEvQlBSZWxkNzdFbGgKTENGcUJFNkdiME00RzlPcVlhQWhjVjNad1JPa0RDalplU1JGYllXVS91eVZpeHFlVkl3UWFVOTR2YzhjY2p3TwpqN0FOcVJOR1JtdCtsWUNia1FmdnpIYzZsYWF4c0pvaXM0dHJwZ3FSS1k4RlNpMXlpcms3ZjVISit5RXd2WFVpCkZJVm9wQ29KejQyb0FLdGVTaHdTWUVsajJ3RWpuOXhSaU5NTGFyZUZZcmpwWUM4OVFPZVpQOHd4TjhUQmROWDUKL0ZXVTFmalhYTUVpY3NMSmI5dGNwZz09Ci0tLS0tRU5EIENFUlRJRklDQVRFLS0tLS0K"
              }
            ],
            "master_authorized_networks_config": [],
            "master_version": "1.32.4-gke.1415000",
            "mesh_certificates": [],
            "min_master_version": null,
            "monitoring_config": [
              {
                "advanced_datapath_observability_config": [
                  {
                    "enable_metrics": false,
                    "enable_relay": false,
                    "relay_mode": "DISABLED"
                  }
                ],
                "enable_components": [
                  "SYSTEM_COMPONENTS",
                  "STORAGE",
                  "HPA",
                  "POD",
                  "DAEMONSET",
                  "DEPLOYMENT",
                  "STATEFULSET",
                  "JOBSET",
                  "CADVISOR",
                  "KUBELET",
                  "DCGM"
                ],
                "managed_prometheus": [
                  {
                    "enabled": true
                  }
                ]
              }
            ],
            "monitoring_service": "monitoring.googleapis.com/kubernetes",
            "name": "devsu-demo-devops-cluster",
            "network": "projects/devsu-devops-demo/global/networks/default",
            "network_policy": [
              {
                "enabled": false,
                "provider": "PROVIDER_UNSPECIFIED"
              }
            ],
            "networking_mode": "VPC_NATIVE",
            "node_config": [],
            "node_locations": [],
            "node_pool": [],
            "node_pool_auto_config": [
              {
                "network_tags": [],
                "node_kubelet_config": [
                  {
                    "insecure_kubelet_readonly_port_enabled": "FALSE"
                  }
                ],
                "resource_manager_tags": {}
              }
            ],
            "node_pool_defaults": [
              {
                "node_config_defaults": [
                  {
                    "containerd_config": [],
                    "insecure_kubelet_readonly_port_enabled": "FALSE",
                    "logging_variant": "DEFAULT"
                  }
                ]
              }
            ],
            "node_version": "1.32.4-gke.1415000",
            "notification_config": [
              {
                "pubsub": [
                  {
                    "enabled": false,
                    "filter": [],
                    "topic": ""
                  }
                ]
              }
            ],
            "operation": null,
            "private_cluster_config": [
              {
                "enable_private_endpoint": false,
                "enable_private_nodes": false,
                "master_global_access_config": [
                  {
                    "enabled": false
                  }
                ],
                "master_ipv4_cidr_block": "",
                "peering_name": "",
                "private_endpoint": "10.128.0.41",
                "private_endpoint_subnetwork": "",
                "public_endpoint": "34.16.69.50"
              }
            ],
            "private_ipv6_google_access": "",
            "project": "devsu-devops-demo",
            "release_channel": [
              {
                "channel": "REGULAR"
              }
            ],
            "remove_default_node_pool": true,
            "resource_labels": null,
            "resource_usage_export_config": [],
            "security_posture_config": [
              {
                "mode": "BASIC",
                "vulnerability_mode": "VULNERABILITY_MODE_UNSPECIFIED"
              }
            ],
            "self_link": "https://container.googleapis.com/v1/projects/devsu-devops-demo/zones/us-central1-a/clusters/devsu-demo-devops-cluster",
            "service_external_ips_config": [
              {
                "enabled": false
              }
            ],
            "services_ipv4_cidr": "34.118.224.0/20",
            "subnetwork": "projects/devsu-devops-demo/regions/us-central1/subnetworks/default",
            "timeouts": null,
            "tpu_ipv4_cidr_block": "",
            "vertical_pod_autoscaling": [],
            "workload_identity_config": []
          },
          "sensitive_attributes": [
            [
              {
                "type": "get_attr",
                "value": "master_auth"
              },
              {
                "type": "index",
                "value": {
                  "value": 0,
                  "type": "number"
                }
              },
              {
                "type": "get_attr",
                "value": "client_key"
              }
            ]
          ],
          "identity_schema_version": 0,
          "private": "eyJlMmJmYjczMC1lY2FhLTExZTYtOGY4OC0zNDM2M2JjN2M0YzAiOnsiY3JlYXRlIjoyNDAwMDAwMDAwMDAwLCJkZWxldGUiOjI0MDAwMDAwMDAwMDAsInJlYWQiOjI0MDAwMDAwMDAwMDAsInVwZGF0ZSI6MzYwMDAwMDAwMDAwMH0sInNjaGVtYV92ZXJzaW9uIjoiMiJ9"
        }
      ]
    },
    {
      "mode": "managed",
      "type": "google_container_node_pool",
      "name": "custom_pool",
      "provider": "provider[\"registry.terraform.io/hashicorp/google\"]",
      "instances": [
        {
          "schema_version": 1,
          "attributes": {
            "autoscaling": [],
            "cluster": "devsu-demo-devops-cluster",
            "id": "projects/devsu-devops-demo/locations/us-central1-a/clusters/devsu-demo-devops-cluster/nodePools/custom-pool",
            "initial_node_count": 2,
            "instance_group_urls": [
              "https://www.googleapis.com/compute/v1/projects/devsu-devops-demo/zones/us-central1-a/instanceGroupManagers/gke-devsu-demo-devops-clu-custom-pool-4da136c2-grp"
            ],
            "location": "us-central1-a",
            "managed_instance_group_urls": [
              "https://www.googleapis.com/compute/v1/projects/devsu-devops-demo/zones/us-central1-a/instanceGroups/gke-devsu-demo-devops-clu-custom-pool-4da136c2-grp"
            ],
            "management": [
              {
                "auto_repair": true,
                "auto_upgrade": true
              }
            ],
            "max_pods_per_node": 110,
            "name": "custom-pool",
            "name_prefix": "",
            "network_config": [
              {
                "additional_node_network_configs": [],
                "additional_pod_network_configs": [],
                "create_pod_range": false,
                "enable_private_nodes": false,
                "network_performance_config": [],
                "pod_cidr_overprovision_config": [],
                "pod_ipv4_cidr_block": "10.80.0.0/14",
                "pod_range": "gke-devsu-demo-devops-cluster-pods-e10cd9d3"
              }
            ],
            "node_config": [
              {
                "advanced_machine_features": [],
                "boot_disk_kms_key": "",
                "confidential_nodes": [],
                "containerd_config": [],
                "disk_size_gb": 20,
                "disk_type": "pd-standard",
                "effective_taints": [],
                "enable_confidential_storage": false,
                "ephemeral_storage_local_ssd_config": [],
                "fast_socket": [],
                "gcfs_config": [],
                "guest_accelerator": [],
                "gvnic": [],
                "host_maintenance_policy": [],
                "image_type": "COS_CONTAINERD",
                "kubelet_config": [
                  {
                    "cpu_cfs_quota": false,
                    "cpu_cfs_quota_period": "",
                    "cpu_manager_policy": "",
                    "insecure_kubelet_readonly_port_enabled": "FALSE",
                    "pod_pids_limit": 0
                  }
                ],
                "labels": {},
                "linux_node_config": [],
                "local_nvme_ssd_block_config": [],
                "local_ssd_count": 0,
                "logging_variant": "DEFAULT",
                "machine_type": "e2-medium",
                "metadata": {
                  "disable-legacy-endpoints": "true"
                },
                "min_cpu_platform": "",
                "node_group": "",
                "oauth_scopes": [
                  "https://www.googleapis.com/auth/cloud-platform"
                ],
                "preemptible": false,
                "reservation_affinity": [],
                "resource_labels": {
                  "goog-gke-node-pool-provisioning-model": "on-demand"
                },
                "resource_manager_tags": null,
                "secondary_boot_disks": [],
                "service_account": "default",
                "shielded_instance_config": [
                  {
                    "enable_integrity_monitoring": true,
                    "enable_secure_boot": false
                  }
                ],
                "sole_tenant_config": [],
                "spot": false,
                "tags": null,
                "taint": [],
                "workload_metadata_config": []
              }
            ],
            "node_count": 2,
            "node_locations": [
              "us-central1-a"
            ],
            "operation": null,
            "placement_policy": [],
            "project": "devsu-devops-demo",
            "queued_provisioning": [],
            "timeouts": null,
            "upgrade_settings": [
              {
                "blue_green_settings": [],
                "max_surge": 1,
                "max_unavailable": 0,
                "strategy": "SURGE"
              }
            ],
            "version": "1.32.4-gke.1415000"
          },
          "sensitive_attributes": [],
          "identity_schema_version": 0,
          "private": "eyJlMmJmYjczMC1lY2FhLTExZTYtOGY4OC0zNDM2M2JjN2M0YzAiOnsiY3JlYXRlIjoxODAwMDAwMDAwMDAwLCJkZWxldGUiOjE4MDAwMDAwMDAwMDAsInVwZGF0ZSI6MTgwMDAwMDAwMDAwMH0sInNjaGVtYV92ZXJzaW9uIjoiMSJ9",
          "dependencies": [
            "google_container_cluster.primary"
          ]
        }
      ]
    }
  ],
  "check_results": null
}
